// !$*UTF8*$!
{
	archiveVersion = 1;
	classes = {
	};
	objectVersion = 46;
	objects = {

/* Begin PBXBuildFile section */
		D3C0574319AAE74200B2506D /* main.m in Sources */ = {isa = PBXBuildFile; fileRef = D3C0574219AAE74200B2506D /* main.m */; };
		D3C0574619AAE74200B2506D /* AppDelegate.m in Sources */ = {isa = PBXBuildFile; fileRef = D3C0574519AAE74200B2506D /* AppDelegate.m */; };
		D3C0574F19AAE74200B2506D /* Main.storyboard in Resources */ = {isa = PBXBuildFile; fileRef = D3C0574D19AAE74200B2506D /* Main.storyboard */; };
		D3C0575119AAE74200B2506D /* Images.xcassets in Resources */ = {isa = PBXBuildFile; fileRef = D3C0575019AAE74200B2506D /* Images.xcassets */; };
		D3C0575D19AAE74200B2506D /* MyCoreDataLearningTests.m in Sources */ = {isa = PBXBuildFile; fileRef = D3C0575C19AAE74200B2506D /* MyCoreDataLearningTests.m */; };
		D3C3E59519AC8C27001CC61C /* AddCustomerViewController.m in Sources */ = {isa = PBXBuildFile; fileRef = D3C3E59419AC8C27001CC61C /* AddCustomerViewController.m */; };
		D3F23EB819AC86C600DE4523 /* Main.xcdatamodeld in Sources */ = {isa = PBXBuildFile; fileRef = D3F23EB619AC86C600DE4523 /* Main.xcdatamodeld */; };
/* End PBXBuildFile section */

/* Begin PBXContainerItemProxy section */
		D3C0575719AAE74200B2506D /* PBXContainerItemProxy */ = {
			isa = PBXContainerItemProxy;
			containerPortal = D3C0573519AAE74200B2506D /* Project object */;
			proxyType = 1;
			remoteGlobalIDString = D3C0573C19AAE74200B2506D;
			remoteInfo = MyCoreDataLearning;
		};
/* End PBXContainerItemProxy section */

/* Begin PBXFileReference section */
		D3C0573D19AAE74200B2506D /* MyCoreDataLearning.app */ = {isa = PBXFileReference; explicitFileType = wrapper.application; includeInIndex = 0; path = MyCoreDataLearning.app; sourceTree = BUILT_PRODUCTS_DIR; };
		D3C0574119AAE74200B2506D /* Info.plist */ = {isa = PBXFileReference; lastKnownFileType = text.plist.xml; path = Info.plist; sourceTree = "<group>"; };
		D3C0574219AAE74200B2506D /* main.m */ = {isa = PBXFileReference; lastKnownFileType = sourcecode.c.objc; path = main.m; sourceTree = "<group>"; };
		D3C0574419AAE74200B2506D /* AppDelegate.h */ = {isa = PBXFileReference; lastKnownFileType = sourcecode.c.h; path = AppDelegate.h; sourceTree = "<group>"; };
		D3C0574519AAE74200B2506D /* AppDelegate.m */ = {isa = PBXFileReference; lastKnownFileType = sourcecode.c.objc; path = AppDelegate.m; sourceTree = "<group>"; };
		D3C0574E19AAE74200B2506D /* Base */ = {isa = PBXFileReference; lastKnownFileType = file.storyboard; name = Base; path = Base.lproj/Main.storyboard; sourceTree = "<group>"; };
		D3C0575019AAE74200B2506D /* Images.xcassets */ = {isa = PBXFileReference; lastKnownFileType = folder.assetcatalog; path = Images.xcassets; sourceTree = "<group>"; };
		D3C0575619AAE74200B2506D /* MyCoreDataLearningTests.xctest */ = {isa = PBXFileReference; explicitFileType = wrapper.cfbundle; includeInIndex = 0; path = MyCoreDataLearningTests.xctest; sourceTree = BUILT_PRODUCTS_DIR; };
		D3C0575B19AAE74200B2506D /* Info.plist */ = {isa = PBXFileReference; lastKnownFileType = text.plist.xml; path = Info.plist; sourceTree = "<group>"; };
		D3C0575C19AAE74200B2506D /* MyCoreDataLearningTests.m */ = {isa = PBXFileReference; lastKnownFileType = sourcecode.c.objc; path = MyCoreDataLearningTests.m; sourceTree = "<group>"; };
		D3C3E59319AC8C27001CC61C /* AddCustomerViewController.h */ = {isa = PBXFileReference; fileEncoding = 4; lastKnownFileType = sourcecode.c.h; path = AddCustomerViewController.h; sourceTree = "<group>"; };
		D3C3E59419AC8C27001CC61C /* AddCustomerViewController.m */ = {isa = PBXFileReference; fileEncoding = 4; lastKnownFileType = sourcecode.c.objc; path = AddCustomerViewController.m; sourceTree = "<group>"; };
		D3F23EB719AC86C600DE4523 /* Main.xcdatamodel */ = {isa = PBXFileReference; lastKnownFileType = wrapper.xcdatamodel; path = Main.xcdatamodel; sourceTree = "<group>"; };
/* End PBXFileReference section */

/* Begin PBXFrameworksBuildPhase section */
		D3C0573A19AAE74200B2506D /* Frameworks */ = {
			isa = PBXFrameworksBuildPhase;
			buildActionMask = 2147483647;
			files = (
			);
			runOnlyForDeploymentPostprocessing = 0;
		};
		D3C0575319AAE74200B2506D /* Frameworks */ = {
			isa = PBXFrameworksBuildPhase;
			buildActionMask = 2147483647;
			files = (
			);
			runOnlyForDeploymentPostprocessing = 0;
		};
/* End PBXFrameworksBuildPhase section */

/* Begin PBXGroup section */
		D3C0573419AAE74200B2506D = {
			isa = PBXGroup;
			children = (
				D3C0573F19AAE74200B2506D /* MyCoreDataLearning */,
				D3C0575919AAE74200B2506D /* MyCoreDataLearningTests */,
				D3C0573E19AAE74200B2506D /* Products */,
			);
			sourceTree = "<group>";
		};
		D3C0573E19AAE74200B2506D /* Products */ = {
			isa = PBXGroup;
			children = (
				D3C0573D19AAE74200B2506D /* MyCoreDataLearning.app */,
				D3C0575619AAE74200B2506D /* MyCoreDataLearningTests.xctest */,
			);
			name = Products;
			sourceTree = "<group>";
		};
		D3C0573F19AAE74200B2506D /* MyCoreDataLearning */ = {
			isa = PBXGroup;
			children = (
				D3C0574419AAE74200B2506D /* AppDelegate.h */,
				D3C0574519AAE74200B2506D /* AppDelegate.m */,
				D3C3E59619AC8C31001CC61C /* View Controllers */,
				D3C3E59719AC8C41001CC61C /* Resources */,
				D3C0575019AAE74200B2506D /* Images.xcassets */,
				D3C0574019AAE74200B2506D /* Supporting Files */,
			);
			path = MyCoreDataLearning;
			sourceTree = "<group>";
		};
		D3C0574019AAE74200B2506D /* Supporting Files */ = {
			isa = PBXGroup;
			children = (
				D3C0574119AAE74200B2506D /* Info.plist */,
				D3C0574219AAE74200B2506D /* main.m */,
			);
			name = "Supporting Files";
			sourceTree = "<group>";
		};
		D3C0575919AAE74200B2506D /* MyCoreDataLearningTests */ = {
			isa = PBXGroup;
			children = (
				D3C0575C19AAE74200B2506D /* MyCoreDataLearningTests.m */,
				D3C0575A19AAE74200B2506D /* Supporting Files */,
			);
			path = MyCoreDataLearningTests;
			sourceTree = "<group>";
		};
		D3C0575A19AAE74200B2506D /* Supporting Files */ = {
			isa = PBXGroup;
			children = (
				D3C0575B19AAE74200B2506D /* Info.plist */,
			);
			name = "Supporting Files";
			sourceTree = "<group>";
		};
		D3C3E59619AC8C31001CC61C /* View Controllers */ = {
			isa = PBXGroup;
			children = (
				D3C3E59319AC8C27001CC61C /* AddCustomerViewController.h */,
				D3C3E59419AC8C27001CC61C /* AddCustomerViewController.m */,
			);
			name = "View Controllers";
			sourceTree = "<group>";
		};
		D3C3E59719AC8C41001CC61C /* Resources */ = {
			isa = PBXGroup;
			children = (
				D3C0574D19AAE74200B2506D /* Main.storyboard */,
				D3F23EB619AC86C600DE4523 /* Main.xcdatamodeld */,
			);
			name = Resources;
			sourceTree = "<group>";
		};
/* End PBXGroup section */

/* Begin PBXNativeTarget section */
		D3C0573C19AAE74200B2506D /* MyCoreDataLearning */ = {
			isa = PBXNativeTarget;
			buildConfigurationList = D3C0576019AAE74200B2506D /* Build configuration list for PBXNativeTarget "MyCoreDataLearning" */;
			buildPhases = (
				D3C0573919AAE74200B2506D /* Sources */,
				D3C0573A19AAE74200B2506D /* Frameworks */,
				D3C0573B19AAE74200B2506D /* Resources */,
			);
			buildRules = (
			);
			dependencies = (
			);
			name = MyCoreDataLearning;
			productName = MyCoreDataLearning;
			productReference = D3C0573D19AAE74200B2506D /* MyCoreDataLearning.app */;
			productType = "com.apple.product-type.application";
		};
		D3C0575519AAE74200B2506D /* MyCoreDataLearningTests */ = {
			isa = PBXNativeTarget;
			buildConfigurationList = D3C0576319AAE74200B2506D /* Build configuration list for PBXNativeTarget "MyCoreDataLearningTests" */;
			buildPhases = (
				D3C0575219AAE74200B2506D /* Sources */,
				D3C0575319AAE74200B2506D /* Frameworks */,
				D3C0575419AAE74200B2506D /* Resources */,
			);
			buildRules = (
			);
			dependencies = (
				D3C0575819AAE74200B2506D /* PBXTargetDependency */,
			);
			name = MyCoreDataLearningTests;
			productName = MyCoreDataLearningTests;
			productReference = D3C0575619AAE74200B2506D /* MyCoreDataLearningTests.xctest */;
			productType = "com.apple.product-type.bundle.unit-test";
		};
/* End PBXNativeTarget section */

/* Begin PBXProject section */
		D3C0573519AAE74200B2506D /* Project object */ = {
			isa = PBXProject;
			attributes = {
				LastUpgradeCheck = 0600;
				ORGANIZATIONNAME = thanawat.s;
				TargetAttributes = {
					D3C0573C19AAE74200B2506D = {
						CreatedOnToolsVersion = 6.0;
					};
					D3C0575519AAE74200B2506D = {
						CreatedOnToolsVersion = 6.0;
						TestTargetID = D3C0573C19AAE74200B2506D;
					};
				};
			};
			buildConfigurationList = D3C0573819AAE74200B2506D /* Build configuration list for PBXProject "MyCoreDataLearning" */;
			compatibilityVersion = "Xcode 3.2";
			developmentRegion = English;
			hasScannedForEncodings = 0;
			knownRegions = (
				en,
				Base,
			);
			mainGroup = D3C0573419AAE74200B2506D;
			productRefGroup = D3C0573E19AAE74200B2506D /* Products */;
			projectDirPath = "";
			projectRoot = "";
			targets = (
				D3C0573C19AAE74200B2506D /* MyCoreDataLearning */,
				D3C0575519AAE74200B2506D /* MyCoreDataLearningTests */,
			);
		};
/* End PBXProject section */

/* Begin PBXResourcesBuildPhase section */
		D3C0573B19AAE74200B2506D /* Resources */ = {
			isa = PBXResourcesBuildPhase;
			buildActionMask = 2147483647;
			files = (
				D3C0574F19AAE74200B2506D /* Main.storyboard in Resources */,
				D3C0575119AAE74200B2506D /* Images.xcassets in Resources */,
			);
			runOnlyForDeploymentPostprocessing = 0;
		};
		D3C0575419AAE74200B2506D /* Resources */ = {
			isa = PBXResourcesBuildPhase;
			buildActionMask = 2147483647;
			files = (
			);
			runOnlyForDeploymentPostprocessing = 0;
		};
/* End PBXResourcesBuildPhase section */

/* Begin PBXSourcesBuildPhase section */
		D3C0573919AAE74200B2506D /* Sources */ = {
			isa = PBXSourcesBuildPhase;
			buildActionMask = 2147483647;
			files = (
				D3C3E59519AC8C27001CC61C /* AddCustomerViewController.m in Sources */,
				D3C0574619AAE74200B2506D /* AppDelegate.m in Sources */,
				D3C0574319AAE74200B2506D /* main.m in Sources */,
				D3F23EB819AC86C600DE4523 /* Main.xcdatamodeld in Sources */,
			);
			runOnlyForDeploymentPostprocessing = 0;
		};
		D3C0575219AAE74200B2506D /* Sources */ = {
			isa = PBXSourcesBuildPhase;
			buildActionMask = 2147483647;
			files = (
				D3C0575D19AAE74200B2506D /* MyCoreDataLearningTests.m in Sources */,
			);
			runOnlyForDeploymentPostprocessing = 0;
		};
/* End PBXSourcesBuildPhase section */

/* Begin PBXTargetDependency section */
		D3C0575819AAE74200B2506D /* PBXTargetDependency */ = {
			isa = PBXTargetDependency;
			target = D3C0573C19AAE74200B2506D /* MyCoreDataLearning */;
			targetProxy = D3C0575719AAE74200B2506D /* PBXContainerItemProxy */;
		};
/* End PBXTargetDependency section */

/* Begin PBXVariantGroup section */
		D3C0574D19AAE74200B2506D /* Main.storyboard */ = {
			isa = PBXVariantGroup;
			children = (
				D3C0574E19AAE74200B2506D /* Base */,
			);
			name = Main.storyboard;
			sourceTree = "<group>";
		};
/* End PBXVariantGroup section */

/* Begin XCBuildConfiguration section */
		D3C0575E19AAE74200B2506D /* Debug */ = {
			isa = XCBuildConfiguration;
			buildSettings = {
				ALWAYS_SEARCH_USER_PATHS = NO;
				CLANG_CXX_LANGUAGE_STANDARD = "gnu++0x";
				CLANG_CXX_LIBRARY = "libc++";
				CLANG_ENABLE_MODULES = YES;
				CLANG_ENABLE_OBJC_ARC = YES;
				CLANG_WARN_BOOL_CONVERSION = YES;
				CLANG_WARN_CONSTANT_CONVERSION = YES;
				CLANG_WARN_DIRECT_OBJC_ISA_USAGE = YES_ERROR;
				CLANG_WARN_EMPTY_BODY = YES;
				CLANG_WARN_ENUM_CONVERSION = YES;
				CLANG_WARN_INT_CONVERSION = YES;
				CLANG_WARN_OBJC_ROOT_CLASS = YES_ERROR;
				CLANG_WARN_UNREACHABLE_CODE = YES;
				CLANG_WARN__DUPLICATE_METHOD_MATCH = YES;
				"CODE_SIGN_IDENTITY[sdk=iphoneos*]" = "iPhone Developer";
				COPY_PHASE_STRIP = NO;
				ENABLE_STRICT_OBJC_MSGSEND = YES;
				GCC_C_LANGUAGE_STANDARD = gnu99;
				GCC_DYNAMIC_NO_PIC = NO;
				GCC_OPTIMIZATION_LEVEL = 0;
				GCC_PREPROCESSOR_DEFINITIONS = (
					"DEBUG=1",
					"$(inherited)",
				);
				GCC_SYMBOLS_PRIVATE_EXTERN = NO;
				GCC_WARN_64_TO_32_BIT_CONVERSION = YES;
				GCC_WARN_ABOUT_RETURN_TYPE = YES_ERROR;
				GCC_WARN_UNDECLARED_SELECTOR = YES;
				GCC_WARN_UNINITIALIZED_AUTOS = YES_AGGRESSIVE;
				GCC_WARN_UNUSED_FUNCTION = YES;
				GCC_WARN_UNUSED_VARIABLE = YES;
				IPHONEOS_DEPLOYMENT_TARGET = 6.1;
				METAL_ENABLE_DEBUG_INFO = YES;
				ONLY_ACTIVE_ARCH = YES;
				SDKROOT = iphoneos;
			};
			name = Debug;
		};
		D3C0575F19AAE74200B2506D /* Release */ = {
			isa = XCBuildConfiguration;
			buildSettings = {
				ALWAYS_SEARCH_USER_PATHS = NO;
				CLANG_CXX_LANGUAGE_STANDARD = "gnu++0x";
				CLANG_CXX_LIBRARY = "libc++";
				CLANG_ENABLE_MODULES = YES;
				CLANG_ENABLE_OBJC_ARC = YES;
				CLANG_WARN_BOOL_CONVERSION = YES;
				CLANG_WARN_CONSTANT_CONVERSION = YES;
				CLANG_WARN_DIRECT_OBJC_ISA_USAGE = YES_ERROR;
				CLANG_WARN_EMPTY_BODY = YES;
				CLANG_WARN_ENUM_CONVERSION = YES;
				CLANG_WARN_INT_CONVERSION = YES;
				CLANG_WARN_OBJC_ROOT_CLASS = YES_ERROR;
				CLANG_WARN_UNREACHABLE_CODE = YES;
				CLANG_WARN__DUPLICATE_METHOD_MATCH = YES;
				"CODE_SIGN_IDENTITY[sdk=iphoneos*]" = "iPhone Developer";
				COPY_PHASE_STRIP = YES;
				ENABLE_NS_ASSERTIONS = NO;
				ENABLE_STRICT_OBJC_MSGSEND = YES;
				GCC_C_LANGUAGE_STANDARD = gnu99;
				GCC_WARN_64_TO_32_BIT_CONVERSION = YES;
				GCC_WARN_ABOUT_RETURN_TYPE = YES_ERROR;
				GCC_WARN_UNDECLARED_SELECTOR = YES;
				GCC_WARN_UNINITIALIZED_AUTOS = YES_AGGRESSIVE;
				GCC_WARN_UNUSED_FUNCTION = YES;
				GCC_WARN_UNUSED_VARIABLE = YES;
				IPHONEOS_DEPLOYMENT_TARGET = 6.1;
				METAL_ENABLE_DEBUG_INFO = NO;
				SDKROOT = iphoneos;
				VALIDATE_PRODUCT = YES;
			};
			name = Release;
		};
		D3C0576119AAE74200B2506D /* Debug */ = {
			isa = XCBuildConfiguration;
			buildSettings = {
				ASSETCATALOG_COMPILER_APPICON_NAME = AppIcon;
				ASSETCATALOG_COMPILER_LAUNCHIMAGE_NAME = LaunchImage;
				INFOPLIST_FILE = MyCoreDataLearning/Info.plist;
				IPHONEOS_DEPLOYMENT_TARGET = 6.1;
				LD_RUNPATH_SEARCH_PATHS = "$(inherited) @executable_path/Frameworks";
				PRODUCT_NAME = "$(TARGET_NAME)";
			};
			name = Debug;
		};
		D3C0576219AAE74200B2506D /* Release */ = {
			isa = XCBuildConfiguration;
			buildSettings = {
				ASSETCATALOG_COMPILER_APPICON_NAME = AppIcon;
				ASSETCATALOG_COMPILER_LAUNCHIMAGE_NAME = LaunchImage;
				INFOPLIST_FILE = MyCoreDataLearning/Info.plist;
				IPHONEOS_DEPLOYMENT_TARGET = 6.1;
				LD_RUNPATH_SEARCH_PATHS = "$(inherited) @executable_path/Frameworks";
				PRODUCT_NAME = "$(TARGET_NAME)";
			};
			name = Release;
		};
		D3C0576419AAE74200B2506D /* Debug */ = {
			isa = XCBuildConfiguration;
			buildSettings = {
				BUNDLE_LOADER = "$(BUILT_PRODUCTS_DIR)/MyCoreDataLearning.app/MyCoreDataLearning";
				FRAMEWORK_SEARCH_PATHS = (
					"$(SDKROOT)/Developer/Library/Frameworks",
					"$(inherited)",
				);
				GCC_PREPROCESSOR_DEFINITIONS = (
					"DEBUG=1",
					"$(inherited)",
				);
				INFOPLIST_FILE = MyCoreDataLearningTests/Info.plist;
				LD_RUNPATH_SEARCH_PATHS = "$(inherited) @executable_path/Frameworks @loader_path/Frameworks";
				METAL_ENABLE_DEBUG_INFO = YES;
				PRODUCT_NAME = "$(TARGET_NAME)";
				TEST_HOST = "$(BUNDLE_LOADER)";
			};
			name = Debug;
		};
		D3C0576519AAE74200B2506D /* Release */ = {
			isa = XCBuildConfiguration;
			buildSettings = {
				BUNDLE_LOADER = "$(BUILT_PRODUCTS_DIR)/MyCoreDataLearning.app/MyCoreDataLearning";
				FRAMEWORK_SEARCH_PATHS = (
					"$(SDKROOT)/Developer/Library/Frameworks",
					"$(inherited)",
				);
				INFOPLIST_FILE = MyCoreDataLearningTests/Info.plist;
				LD_RUNPATH_SEARCH_PATHS = "$(inherited) @executable_path/Frameworks @loader_path/Frameworks";
				METAL_ENABLE_DEBUG_INFO = NO;
				PRODUCT_NAME = "$(TARGET_NAME)";
				TEST_HOST = "$(BUNDLE_LOADER)";
			};
			name = Release;
		};
/* End XCBuildConfiguration section */

/* Begin XCConfigurationList section */
		D3C0573819AAE74200B2506D /* Build configuration list for PBXProject "MyCoreDataLearning" */ = {
			isa = XCConfigurationList;
			buildConfigurations = (
				D3C0575E19AAE74200B2506D /* Debug */,
				D3C0575F19AAE74200B2506D /* Release */,
			);
			defaultConfigurationIsVisible = 0;
			defaultConfigurationName = Release;
		};
		D3C0576019AAE74200B2506D /* Build configuration list for PBXNativeTarget "MyCoreDataLearning" */ = {
			isa = XCConfigurationList;
			buildConfigurations = (
				D3C0576119AAE74200B2506D /* Debug */,
				D3C0576219AAE74200B2506D /* Release */,
			);
			defaultConfigurationIsVisible = 0;
			defaultConfigurationName = Release;
		};
		D3C0576319AAE74200B2506D /* Build configuration list for PBXNativeTarget "MyCoreDataLearningTests" */ = {
			isa = XCConfigurationList;
			buildConfigurations = (
				D3C0576419AAE74200B2506D /* Debug */,
				D3C0576519AAE74200B2506D /* Release */,
			);
			defaultConfigurationIsVisible = 0;
			defaultConfigurationName = Release;
		};
/* End XCConfigurationList section */

/* Begin XCVersionGroup section */
		D3F23EB619AC86C600DE4523 /* Main.xcdatamodeld */ = {
			isa = XCVersionGroup;
			children = (
				D3F23EB719AC86C600DE4523 /* Main.xcdatamodel */,
			);
			currentVersion = D3F23EB719AC86C600DE4523 /* Main.xcdatamodel */;
			path = Main.xcdatamodeld;
			sourceTree = "<group>";
			versionGroupType = wrapper.xcdatamodel;
		};
/* End XCVersionGroup section */
	};
	rootObject = D3C0573519AAE74200B2506D /* Project object */;
}
